<?xml version="1.0" encoding="UTF-8"?>
<Scheme
   LastUpgradeVersion = "1630"
   version = "1.7">
   <BuildAction
      parallelizeBuildables = "YES"
      buildImplicitDependencies = "YES"
      buildArchitectures = "Automatic">
      <BuildActionEntries>
         <BuildActionEntry
            buildForTesting = "YES"
            buildForRunning = "YES"
            buildForProfiling = "YES"
            buildForArchiving = "YES"
            buildForAnalyzing = "YES">
            <BuildableReference
               BuildableIdentifier = "primary"
               BlueprintIdentifier = "01637D7B2DAE9F0C005FBE0B"
               BuildableName = "&#x6050;&#x9f99;&#x753b;&#x518c;.app"
               BlueprintName = "&#x6050;&#x9f99;&#x753b;&#x518c;"
               ReferencedContainer = "container:&#x6050;&#x9f99;&#x753b;&#x518c;.xcodeproj">
            </BuildableReference>
         </BuildActionEntry>
      </BuildActionEntries>
   </BuildAction>
   <TestAction
      buildConfiguration = "Debug"
      selectedDebuggerIdentifier = "Xcode.DebuggerFoundation.Debugger.LLDB"
      selectedLauncherIdentifier = "Xcode.DebuggerFoundation.Launcher.LLDB"
      shouldUseLaunchSchemeArgsEnv = "YES"
      shouldAutocreateTestPlan = "YES">
      <Testables>
         <TestableReference
            skipped = "NO"
            parallelizable = "YES">
            <BuildableReference
               BuildableIdentifier = "primary"
               BlueprintIdentifier = "01637D882DAE9F0E005FBE0B"
               BuildableName = "&#x6050;&#x9f99;&#x753b;&#x518c;Tests.xctest"
               BlueprintName = "&#x6050;&#x9f99;&#x753b;&#x518c;Tests"
               ReferencedContainer = "container:&#x6050;&#x9f99;&#x753b;&#x518c;.xcodeproj">
            </BuildableReference>
         </TestableReference>
         <TestableReference
            skipped = "NO"
            parallelizable = "YES">
            <BuildableReference
               BuildableIdentifier = "primary"
               BlueprintIdentifier = "01637D922DAE9F0E005FBE0B"
               BuildableName = "&#x6050;&#x9f99;&#x753b;&#x518c;UITests.xctest"
               BlueprintName = "&#x6050;&#x9f99;&#x753b;&#x518c;UITests"
               ReferencedContainer = "container:&#x6050;&#x9f99;&#x753b;&#x518c;.xcodeproj">
            </BuildableReference>
         </TestableReference>
      </Testables>
   </TestAction>
   <LaunchAction
      buildConfiguration = "Debug"
      selectedDebuggerIdentifier = "Xcode.DebuggerFoundation.Debugger.LLDB"
      selectedLauncherIdentifier = "Xcode.DebuggerFoundation.Launcher.LLDB"
      launchStyle = "0"
      useCustomWorkingDirectory = "NO"
      ignoresPersistentStateOnLaunch = "NO"
      debugDocumentVersioning = "YES"
      debugServiceExtension = "internal"
      allowLocationSimulation = "YES">
      <BuildableProductRunnable
         runnableDebuggingMode = "0">
         <BuildableReference
            BuildableIdentifier = "primary"
            BlueprintIdentifier = "01637D7B2DAE9F0C005FBE0B"
            BuildableName = "&#x6050;&#x9f99;&#x753b;&#x518c;.app"
            BlueprintName = "&#x6050;&#x9f99;&#x753b;&#x518c;"
            ReferencedContainer = "container:&#x6050;&#x9f99;&#x753b;&#x518c;.xcodeproj">
         </BuildableReference>
      </BuildableProductRunnable>
   </LaunchAction>
   <ProfileAction
      buildConfiguration = "Release"
      shouldUseLaunchSchemeArgsEnv = "YES"
      savedToolIdentifier = ""
      useCustomWorkingDirectory = "NO"
      debugDocumentVersioning = "YES">
      <BuildableProductRunnable
         runnableDebuggingMode = "0">
         <BuildableReference
            BuildableIdentifier = "primary"
            BlueprintIdentifier = "01637D7B2DAE9F0C005FBE0B"
            BuildableName = "&#x6050;&#x9f99;&#x753b;&#x518c;.app"
            BlueprintName = "&#x6050;&#x9f99;&#x753b;&#x518c;"
            ReferencedContainer = "container:&#x6050;&#x9f99;&#x753b;&#x518c;.xcodeproj">
         </BuildableReference>
      </BuildableProductRunnable>
   </ProfileAction>
   <AnalyzeAction
      buildConfiguration = "Debug">
   </AnalyzeAction>
   <ArchiveAction
      buildConfiguration = "Release"
      revealArchiveInOrganizer = "YES">
   </ArchiveAction>
</Scheme>
